schema: vela.frontier_lock.v0.1
generated_at: 2026-06-25T02:11:17Z
vela_version: 0.710.0
carina_kernel: carina@0.1.0
frontier_id: vfr_b354d1ae5d88038b
canonicalization:
  json: vela-canonical-json-v0.1
  yaml: vela-yaml-v0.1
reducer:
  package: vela@0.710.0
  digest: sha256:6a3a5bf3f3556b38c7fb8158bd34a7d8c287e46877c18a3df0ca8a334dd91d8b
carina:
  kernel: carina@0.1.0
  digest: sha256:2de6244bc3c695cd83adf7d17fd9c52b6586ce060874b37814cc35aff340d5ee
snapshot_hash: sha256:815287e9e56e905dfc35f7edb8a6847ced6d8ebd6fc57fbdafbe664aedb1ea42
event_log_hash: sha256:993bffa1337678f78c7a7cc2038f6d1472fc77d7f45bba55f610eaa600e0eca9
proposal_state_hash: sha256:5050967161a938db5ca836dc516e62e697d25dad38287a9b1e4734fb68d5979f
sources_hash: sha256:cd786a26b7e4ad047374953d7258cb54c4741709a27ff37b63392e3b07633762
artifacts_hash: sha256:007ee8d7de4cfbbf0ba501062b50ccef1f523a068a675649a6082caea29581c1
review_hash: sha256:bb74af13f787e6f1357d243a3ff50e8efea86aaa7bc83c5291ab04afd0533ace
proof_freshness: fresh
proof:
  latest: proof/latest.json
  digest: sha256:66dc8dcba48a487c4ed8412a23d3cee06a6d5b4153c74bbc7214c5459ca001ff
  freshness: fresh
  events_manifest: proof/events.manifest.jsonl
  replay_trace: proof/replay.trace.jsonl
paths:
  frontier: frontier.json
  events: .vela/events/
